
Microsoft Visual Studio Solution File, Format Version 12.00
# Visual Studio Version 16
VisualStudioVersion = 16.0.31424.327
MinimumVisualStudioVersion = 10.0.40219.1
Project("{FAE04EC0-301F-11D3-BF4B-00C04F79EFBC}") = "MyMVCDbApp", "MyMVCDbApp.csproj", "{7B617988-4DD1-4D66-AF1B-EC33DD70145F}"
EndProject
Project("{FAE04EC0-301F-11D3-BF4B-00C04F79EFBC}") = "MyDbMvc.Db", "..\MyDbMvc.Db\MyDbMvc.Db.csproj", "{69A14635-0359-44BA-A552-1BF3A68A9CD9}"
EndProject
Project("{FAE04EC0-301F-11D3-BF4B-00C04F79EFBC}") = "MyMvc.Models", "..\MyMvc.Models\MyMvc.Models.csproj", "{B264780A-9566-46ED-BB09-DCC65B46F95E}"
EndProject
Global
	GlobalSection(SolutionConfigurationPlatforms) = preSolution
		Debug|Any CPU = Debug|Any CPU
		Release|Any CPU = Release|Any CPU
	EndGlobalSection
	GlobalSection(ProjectConfigurationPlatforms) = postSolution
		{7B617988-4DD1-4D66-AF1B-EC33DD70145F}.Debug|Any CPU.ActiveCfg = Debug|Any CPU
		{7B617988-4DD1-4D66-AF1B-EC33DD70145F}.Debug|Any CPU.Build.0 = Debug|Any CPU
		{7B617988-4DD1-4D66-AF1B-EC33DD70145F}.Release|Any CPU.ActiveCfg = Release|Any CPU
		{7B617988-4DD1-4D66-AF1B-EC33DD70145F}.Release|Any CPU.Build.0 = Release|Any CPU
		{69A14635-0359-44BA-A552-1BF3A68A9CD9}.Debug|Any CPU.ActiveCfg = Debug|Any CPU
		{69A14635-0359-44BA-A552-1BF3A68A9CD9}.Debug|Any CPU.Build.0 = Debug|Any CPU
		{69A14635-0359-44BA-A552-1BF3A68A9CD9}.Release|Any CPU.ActiveCfg = Release|Any CPU
		{69A14635-0359-44BA-A552-1BF3A68A9CD9}.Release|Any CPU.Build.0 = Release|Any CPU
		{B264780A-9566-46ED-BB09-DCC65B46F95E}.Debug|Any CPU.ActiveCfg = Debug|Any CPU
		{B264780A-9566-46ED-BB09-DCC65B46F95E}.Debug|Any CPU.Build.0 = Debug|Any CPU
		{B264780A-9566-46ED-BB09-DCC65B46F95E}.Release|Any CPU.ActiveCfg = Release|Any CPU
		{B264780A-9566-46ED-BB09-DCC65B46F95E}.Release|Any CPU.Build.0 = Release|Any CPU
	EndGlobalSection
	GlobalSection(SolutionProperties) = preSolution
		HideSolutionNode = FALSE
	EndGlobalSection
	GlobalSection(ExtensibilityGlobals) = postSolution
		SolutionGuid = {B2BCBBBA-1D34-4B8F-969E-8BD4E5C8AAB2}
	EndGlobalSection
EndGlobal
