
Microsoft Visual Studio Solution File, Format Version 12.00
# Visual Studio Version 16
VisualStudioVersion = 16.0.31424.327
MinimumVisualStudioVersion = 10.0.40219.1
Project("{FAE04EC0-301F-11D3-BF4B-00C04F79EFBC}") = "DropDownListApp", "DropDownListApp.csproj", "{F8827139-D1B0-418E-B25E-FB9E0B9CB173}"
EndProject
Global
	GlobalSection(SolutionConfigurationPlatforms) = preSolution
		Debug|Any CPU = Debug|Any CPU
		Release|Any CPU = Release|Any CPU
	EndGlobalSection
	GlobalSection(ProjectConfigurationPlatforms) = postSolution
		{F8827139-D1B0-418E-B25E-FB9E0B9CB173}.Debug|Any CPU.ActiveCfg = Debug|Any CPU
		{F8827139-D1B0-418E-B25E-FB9E0B9CB173}.Debug|Any CPU.Build.0 = Debug|Any CPU
		{F8827139-D1B0-418E-B25E-FB9E0B9CB173}.Release|Any CPU.ActiveCfg = Release|Any CPU
		{F8827139-D1B0-418E-B25E-FB9E0B9CB173}.Release|Any CPU.Build.0 = Release|Any CPU
	EndGlobalSection
	GlobalSection(SolutionProperties) = preSolution
		HideSolutionNode = FALSE
	EndGlobalSection
	GlobalSection(ExtensibilityGlobals) = postSolution
		SolutionGuid = {FC61A25D-2354-4CA8-929B-C5E65A34E685}
	EndGlobalSection
EndGlobal
